
Microsoft Visual Studio Solution File, Format Version 12.00
# Visual Studio 15
VisualStudioVersion = 15.0.28307.705
MinimumVisualStudioVersion = 10.0.40219.1
Project("{FAE04EC0-301F-11D3-BF4B-00C04F79EFBC}") = "Chatbot", "Chatbot\Chatbot.csproj", "{EAD5E908-833A-4FE1-8C2D-28A738B11592}"
EndProject
Project("{FAE04EC0-301F-11D3-BF4B-00C04F79EFBC}") = "AccesoDatos", "AccesoDatos\AccesoDatos.csproj", "{715DD6B1-953E-405C-8603-33F0172B1F0A}"
EndProject
Project("{FAE04EC0-301F-11D3-BF4B-00C04F79EFBC}") = "Models", "Models\Models.csproj", "{16B32291-B748-43DF-9008-587223538DAF}"
EndProject
Global
	GlobalSection(SolutionConfigurationPlatforms) = preSolution
		Debug|Any CPU = Debug|Any CPU
		Release|Any CPU = Release|Any CPU
	EndGlobalSection
	GlobalSection(ProjectConfigurationPlatforms) = postSolution
		{EAD5E908-833A-4FE1-8C2D-28A738B11592}.Debug|Any CPU.ActiveCfg = Debug|Any CPU
		{EAD5E908-833A-4FE1-8C2D-28A738B11592}.Debug|Any CPU.Build.0 = Debug|Any CPU
		{EAD5E908-833A-4FE1-8C2D-28A738B11592}.Release|Any CPU.ActiveCfg = Release|Any CPU
		{EAD5E908-833A-4FE1-8C2D-28A738B11592}.Release|Any CPU.Build.0 = Release|Any CPU
		{715DD6B1-953E-405C-8603-33F0172B1F0A}.Debug|Any CPU.ActiveCfg = Debug|Any CPU
		{715DD6B1-953E-405C-8603-33F0172B1F0A}.Debug|Any CPU.Build.0 = Debug|Any CPU
		{715DD6B1-953E-405C-8603-33F0172B1F0A}.Release|Any CPU.ActiveCfg = Release|Any CPU
		{715DD6B1-953E-405C-8603-33F0172B1F0A}.Release|Any CPU.Build.0 = Release|Any CPU
		{16B32291-B748-43DF-9008-587223538DAF}.Debug|Any CPU.ActiveCfg = Debug|Any CPU
		{16B32291-B748-43DF-9008-587223538DAF}.Debug|Any CPU.Build.0 = Debug|Any CPU
		{16B32291-B748-43DF-9008-587223538DAF}.Release|Any CPU.ActiveCfg = Release|Any CPU
		{16B32291-B748-43DF-9008-587223538DAF}.Release|Any CPU.Build.0 = Release|Any CPU
	EndGlobalSection
	GlobalSection(SolutionProperties) = preSolution
		HideSolutionNode = FALSE
	EndGlobalSection
	GlobalSection(ExtensibilityGlobals) = postSolution
		SolutionGuid = {55028543-BE87-4EF3-BAE7-9FF1869A4281}
	EndGlobalSection
EndGlobal
